
Microsoft Visual Studio Solution File, Format Version 12.00
# Visual Studio Version 17
VisualStudioVersion = 17.3.32819.101
MinimumVisualStudioVersion = 10.0.40219.1
Project("{FAE04EC0-301F-11D3-BF4B-00C04F79EFBC}") = "Product_Review_Management", "Product_Review\Product_Review_Management.csproj", "{30DC34D9-4495-4311-9F08-2374AD0D91E9}"
EndProject
Global
	GlobalSection(SolutionConfigurationPlatforms) = preSolution
		Debug|Any CPU = Debug|Any CPU
		Release|Any CPU = Release|Any CPU
	EndGlobalSection
	GlobalSection(ProjectConfigurationPlatforms) = postSolution
		{30DC34D9-4495-4311-9F08-2374AD0D91E9}.Debug|Any CPU.ActiveCfg = Debug|Any CPU
		{30DC34D9-4495-4311-9F08-2374AD0D91E9}.Debug|Any CPU.Build.0 = Debug|Any CPU
		{30DC34D9-4495-4311-9F08-2374AD0D91E9}.Release|Any CPU.ActiveCfg = Release|Any CPU
		{30DC34D9-4495-4311-9F08-2374AD0D91E9}.Release|Any CPU.Build.0 = Release|Any CPU
	EndGlobalSection
	GlobalSection(SolutionProperties) = preSolution
		HideSolutionNode = FALSE
	EndGlobalSection
	GlobalSection(ExtensibilityGlobals) = postSolution
		SolutionGuid = {6328FF5F-7BCD-41B5-BC69-FA93ED74FD8F}
	EndGlobalSection
EndGlobal
